
Microsoft Visual Studio Solution File, Format Version 12.00
# Visual Studio 2012
Project("{FAE04EC0-301F-11D3-BF4B-00C04F79EFBC}") = "NewsFeed.Data", "NewsFeed.Data\NewsFeed.Data.csproj", "{43233680-E11F-4C93-B2D7-5FFC8E774FAA}"
EndProject
Project("{FAE04EC0-301F-11D3-BF4B-00C04F79EFBC}") = "NewsFeed.Server", "NewsFeed.Server\NewsFeed.Server.csproj", "{87F7CBB8-36B1-460B-8550-820A9BB8FACF}"
EndProject
Global
	GlobalSection(SolutionConfigurationPlatforms) = preSolution
		Debug|Any CPU = Debug|Any CPU
		Release|Any CPU = Release|Any CPU
	EndGlobalSection
	GlobalSection(ProjectConfigurationPlatforms) = postSolution
		{43233680-E11F-4C93-B2D7-5FFC8E774FAA}.Debug|Any CPU.ActiveCfg = Debug|Any CPU
		{43233680-E11F-4C93-B2D7-5FFC8E774FAA}.Debug|Any CPU.Build.0 = Debug|Any CPU
		{43233680-E11F-4C93-B2D7-5FFC8E774FAA}.Release|Any CPU.ActiveCfg = Release|Any CPU
		{43233680-E11F-4C93-B2D7-5FFC8E774FAA}.Release|Any CPU.Build.0 = Release|Any CPU
		{87F7CBB8-36B1-460B-8550-820A9BB8FACF}.Debug|Any CPU.ActiveCfg = Debug|Any CPU
		{87F7CBB8-36B1-460B-8550-820A9BB8FACF}.Debug|Any CPU.Build.0 = Debug|Any CPU
		{87F7CBB8-36B1-460B-8550-820A9BB8FACF}.Release|Any CPU.ActiveCfg = Release|Any CPU
		{87F7CBB8-36B1-460B-8550-820A9BB8FACF}.Release|Any CPU.Build.0 = Release|Any CPU
	EndGlobalSection
	GlobalSection(SolutionProperties) = preSolution
		HideSolutionNode = FALSE
	EndGlobalSection
EndGlobal
